
Microsoft Visual Studio Solution File, Format Version 12.00
# Visual Studio Version 17
VisualStudioVersion = 17.4.33213.308
MinimumVisualStudioVersion = 10.0.40219.1
Project("{9A19103F-16F7-4668-BE54-9A1E7A4F7556}") = "CompMath-Lab6.Interpolations", "CompMath-Lab6.Interpolations\CompMath-Lab6.Interpolations.csproj", "{360171BE-1D5A-413D-89BF-4305B0BC1D85}"
EndProject
Project("{9A19103F-16F7-4668-BE54-9A1E7A4F7556}") = "CompMath-Lab6", "CompMath-Lab6\CompMath-Lab6.csproj", "{0289CFED-F334-4162-9317-206DA6EA7C75}"
EndProject
Project("{9A19103F-16F7-4668-BE54-9A1E7A4F7556}") = "CompMath-Lab6.Utilities", "CompMath-Lab6.Utilities\CompMath-Lab6.Utilities.csproj", "{2EC424E6-00AF-45D3-B0BF-959B3F8CF10B}"
EndProject
Project("{FAE04EC0-301F-11D3-BF4B-00C04F79EFBC}") = "CompMath-Lab6.3D", "CompMath-Lab6.3D\CompMath-Lab6.3D.csproj", "{F7CA2678-9267-4B8F-9214-EC0E1C6D1653}"
EndProject
Global
	GlobalSection(SolutionConfigurationPlatforms) = preSolution
		Debug|Any CPU = Debug|Any CPU
		Release|Any CPU = Release|Any CPU
	EndGlobalSection
	GlobalSection(ProjectConfigurationPlatforms) = postSolution
		{360171BE-1D5A-413D-89BF-4305B0BC1D85}.Debug|Any CPU.ActiveCfg = Debug|Any CPU
		{360171BE-1D5A-413D-89BF-4305B0BC1D85}.Debug|Any CPU.Build.0 = Debug|Any CPU
		{360171BE-1D5A-413D-89BF-4305B0BC1D85}.Release|Any CPU.ActiveCfg = Release|Any CPU
		{360171BE-1D5A-413D-89BF-4305B0BC1D85}.Release|Any CPU.Build.0 = Release|Any CPU
		{0289CFED-F334-4162-9317-206DA6EA7C75}.Debug|Any CPU.ActiveCfg = Debug|Any CPU
		{0289CFED-F334-4162-9317-206DA6EA7C75}.Debug|Any CPU.Build.0 = Debug|Any CPU
		{0289CFED-F334-4162-9317-206DA6EA7C75}.Release|Any CPU.ActiveCfg = Release|Any CPU
		{0289CFED-F334-4162-9317-206DA6EA7C75}.Release|Any CPU.Build.0 = Release|Any CPU
		{2EC424E6-00AF-45D3-B0BF-959B3F8CF10B}.Debug|Any CPU.ActiveCfg = Debug|Any CPU
		{2EC424E6-00AF-45D3-B0BF-959B3F8CF10B}.Debug|Any CPU.Build.0 = Debug|Any CPU
		{2EC424E6-00AF-45D3-B0BF-959B3F8CF10B}.Release|Any CPU.ActiveCfg = Release|Any CPU
		{2EC424E6-00AF-45D3-B0BF-959B3F8CF10B}.Release|Any CPU.Build.0 = Release|Any CPU
		{F7CA2678-9267-4B8F-9214-EC0E1C6D1653}.Debug|Any CPU.ActiveCfg = Debug|Any CPU
		{F7CA2678-9267-4B8F-9214-EC0E1C6D1653}.Debug|Any CPU.Build.0 = Debug|Any CPU
		{F7CA2678-9267-4B8F-9214-EC0E1C6D1653}.Release|Any CPU.ActiveCfg = Release|Any CPU
		{F7CA2678-9267-4B8F-9214-EC0E1C6D1653}.Release|Any CPU.Build.0 = Release|Any CPU
	EndGlobalSection
	GlobalSection(SolutionProperties) = preSolution
		HideSolutionNode = FALSE
	EndGlobalSection
	GlobalSection(ExtensibilityGlobals) = postSolution
		SolutionGuid = {F3434039-7C1A-49CD-92C5-D1AFCAC9CFE5}
	EndGlobalSection
EndGlobal
